
Microsoft Visual Studio Solution File, Format Version 12.00
# Visual Studio Version 16
VisualStudioVersion = 16.0.31624.102
MinimumVisualStudioVersion = 10.0.40219.1
Project("{FAE04EC0-301F-11D3-BF4B-00C04F79EFBC}") = "CreatEditor", "CreatEditor\CreatEditor.csproj", "{CAD059E0-2C93-4324-9248-579A27D8553C}"
EndProject
Global
	GlobalSection(SolutionConfigurationPlatforms) = preSolution
		Debug|Any CPU = Debug|Any CPU
		Release|Any CPU = Release|Any CPU
	EndGlobalSection
	GlobalSection(ProjectConfigurationPlatforms) = postSolution
		{CAD059E0-2C93-4324-9248-579A27D8553C}.Debug|Any CPU.ActiveCfg = Debug|Any CPU
		{CAD059E0-2C93-4324-9248-579A27D8553C}.Debug|Any CPU.Build.0 = Debug|Any CPU
		{CAD059E0-2C93-4324-9248-579A27D8553C}.Release|Any CPU.ActiveCfg = Release|Any CPU
		{CAD059E0-2C93-4324-9248-579A27D8553C}.Release|Any CPU.Build.0 = Release|Any CPU
	EndGlobalSection
	GlobalSection(SolutionProperties) = preSolution
		HideSolutionNode = FALSE
	EndGlobalSection
	GlobalSection(ExtensibilityGlobals) = postSolution
		SolutionGuid = {5D30ABD8-1223-419D-9D90-9F763C4D2586}
	EndGlobalSection
EndGlobal
