
Microsoft Visual Studio Solution File, Format Version 12.00
# Visual Studio Version 16
VisualStudioVersion = 16.0.31624.102
MinimumVisualStudioVersion = 10.0.40219.1
Project("{FAE04EC0-301F-11D3-BF4B-00C04F79EFBC}") = "InterfacePolymorphism", "InterfacePolymorphism\InterfacePolymorphism.csproj", "{60D6B03A-3DAB-4676-870A-5B57270E088E}"
EndProject
Global
	GlobalSection(SolutionConfigurationPlatforms) = preSolution
		Debug|Any CPU = Debug|Any CPU
		Release|Any CPU = Release|Any CPU
	EndGlobalSection
	GlobalSection(ProjectConfigurationPlatforms) = postSolution
		{60D6B03A-3DAB-4676-870A-5B57270E088E}.Debug|Any CPU.ActiveCfg = Debug|Any CPU
		{60D6B03A-3DAB-4676-870A-5B57270E088E}.Debug|Any CPU.Build.0 = Debug|Any CPU
		{60D6B03A-3DAB-4676-870A-5B57270E088E}.Release|Any CPU.ActiveCfg = Release|Any CPU
		{60D6B03A-3DAB-4676-870A-5B57270E088E}.Release|Any CPU.Build.0 = Release|Any CPU
	EndGlobalSection
	GlobalSection(SolutionProperties) = preSolution
		HideSolutionNode = FALSE
	EndGlobalSection
	GlobalSection(ExtensibilityGlobals) = postSolution
		SolutionGuid = {E4270DD3-AEBB-4CFE-9DCE-A1C935C84ECC}
	EndGlobalSection
EndGlobal
